// !$*UTF8*$!
{
	archiveVersion = 1;
	classes = {
	};
	objectVersion = 50;
	objects = {

/* Begin PBXBuildFile section */
		7B77861226B49A7F00E289EB /* ClassListTableViewController.swift in Sources */ = {isa = PBXBuildFile; fileRef = 7B77861126B49A7F00E289EB /* ClassListTableViewController.swift */; };
		7B77861426B5915A00E289EB /* Student.swift in Sources */ = {isa = PBXBuildFile; fileRef = 7B77861326B5915A00E289EB /* Student.swift */; };
		7B77861626B5B68500E289EB /* Teacher.swift in Sources */ = {isa = PBXBuildFile; fileRef = 7B77861526B5B68500E289EB /* Teacher.swift */; };
		7B77861826B5B89300E289EB /* Class.swift in Sources */ = {isa = PBXBuildFile; fileRef = 7B77861726B5B89300E289EB /* Class.swift */; };
		7B77861D26B5BE9000E289EB /* PROF-0001.json in Resources */ = {isa = PBXBuildFile; fileRef = 7B77861C26B5BE9000E289EB /* PROF-0001.json */; };
		7B77861F26B5C43A00E289EB /* Errors.swift in Sources */ = {isa = PBXBuildFile; fileRef = 7B77861E26B5C43A00E289EB /* Errors.swift */; };
		7B77862126B5DFA700E289EB /* ClassViewController.swift in Sources */ = {isa = PBXBuildFile; fileRef = 7B77862026B5DFA700E289EB /* ClassViewController.swift */; };
		7BCA3DF426ADA3310068895E /* Note.swift in Sources */ = {isa = PBXBuildFile; fileRef = 7BCA3DF326ADA3310068895E /* Note.swift */; };
		7BCA3DF626ADDED90068895E /* Lesson01.json in Resources */ = {isa = PBXBuildFile; fileRef = 7BCA3DF526ADDED90068895E /* Lesson01.json */; };
		7BCA3DF826AEF74C0068895E /* JsonInterface.swift in Sources */ = {isa = PBXBuildFile; fileRef = 7BCA3DF726AEF74C0068895E /* JsonInterface.swift */; };
		7BCA3DFC26AF1E390068895E /* NoNotesToReviseViewController.swift in Sources */ = {isa = PBXBuildFile; fileRef = 7BCA3DFB26AF1E390068895E /* NoNotesToReviseViewController.swift */; };
		7BCAEE3926A4A88400075507 /* AppDelegate.swift in Sources */ = {isa = PBXBuildFile; fileRef = 7BCAEE3826A4A88400075507 /* AppDelegate.swift */; };
		7BCAEE3B26A4A88400075507 /* SceneDelegate.swift in Sources */ = {isa = PBXBuildFile; fileRef = 7BCAEE3A26A4A88400075507 /* SceneDelegate.swift */; };
		7BCAEE3D26A4A88400075507 /* StudentHomepageViewController.swift in Sources */ = {isa = PBXBuildFile; fileRef = 7BCAEE3C26A4A88400075507 /* StudentHomepageViewController.swift */; };
		7BCAEE4026A4A88400075507 /* Main.storyboard in Resources */ = {isa = PBXBuildFile; fileRef = 7BCAEE3E26A4A88400075507 /* Main.storyboard */; };
		7BCAEE4226A4A88500075507 /* Assets.xcassets in Resources */ = {isa = PBXBuildFile; fileRef = 7BCAEE4126A4A88500075507 /* Assets.xcassets */; };
		7BCAEE4526A4A88500075507 /* LaunchScreen.storyboard in Resources */ = {isa = PBXBuildFile; fileRef = 7BCAEE4326A4A88500075507 /* LaunchScreen.storyboard */; };
		7BCAEE5026A4A88500075507 /* LangdacityTests.swift in Sources */ = {isa = PBXBuildFile; fileRef = 7BCAEE4F26A4A88500075507 /* LangdacityTests.swift */; };
		7BCAEE5B26A4A88500075507 /* LangdacityUITests.swift in Sources */ = {isa = PBXBuildFile; fileRef = 7BCAEE5A26A4A88500075507 /* LangdacityUITests.swift */; };
		7BCAEE6926A4AACB00075507 /* RevisionViewController.swift in Sources */ = {isa = PBXBuildFile; fileRef = 7BCAEE6826A4AACB00075507 /* RevisionViewController.swift */; };
		7BCAEE6B26A4B1A400075507 /* Card.swift in Sources */ = {isa = PBXBuildFile; fileRef = 7BCAEE6A26A4B1A400075507 /* Card.swift */; };
		7BCAEE6D26A5B74700075507 /* Revision.swift in Sources */ = {isa = PBXBuildFile; fileRef = 7BCAEE6C26A5B74700075507 /* Revision.swift */; };
		7BCD5F7F26B0A2630096621E /* SchedulingDataConstants.swift in Sources */ = {isa = PBXBuildFile; fileRef = 7BCD5F7E26B0A2630096621E /* SchedulingDataConstants.swift */; };
		7BCD5F8126B1A03B0096621E /* LoginViewController.swift in Sources */ = {isa = PBXBuildFile; fileRef = 7BCD5F8026B1A03B0096621E /* LoginViewController.swift */; };
		7BCD5F8326B1A0540096621E /* TeacherHomepageViewController.swift in Sources */ = {isa = PBXBuildFile; fileRef = 7BCD5F8226B1A0540096621E /* TeacherHomepageViewController.swift */; };
		7BCD5F8526B1C20F0096621E /* SplashViewController.swift in Sources */ = {isa = PBXBuildFile; fileRef = 7BCD5F8426B1C20F0096621E /* SplashViewController.swift */; };
		7BCD5F8726B1C4B00096621E /* Extensions.swift in Sources */ = {isa = PBXBuildFile; fileRef = 7BCD5F8626B1C4B00096621E /* Extensions.swift */; };
		7BCD5F8D26B1E8D50096621E /* UnlockedLessons.json in Resources */ = {isa = PBXBuildFile; fileRef = 7BCD5F8C26B1E8D50096621E /* UnlockedLessons.json */; };
/* End PBXBuildFile section */

/* Begin PBXContainerItemProxy section */
		7BCAEE4C26A4A88500075507 /* PBXContainerItemProxy */ = {
			isa = PBXContainerItemProxy;
			containerPortal = 7BCAEE2D26A4A88400075507 /* Project object */;
			proxyType = 1;
			remoteGlobalIDString = 7BCAEE3426A4A88400075507;
			remoteInfo = Langdacity;
		};
		7BCAEE5726A4A88500075507 /* PBXContainerItemProxy */ = {
			isa = PBXContainerItemProxy;
			containerPortal = 7BCAEE2D26A4A88400075507 /* Project object */;
			proxyType = 1;
			remoteGlobalIDString = 7BCAEE3426A4A88400075507;
			remoteInfo = Langdacity;
		};
/* End PBXContainerItemProxy section */

/* Begin PBXFileReference section */
		7B77861126B49A7F00E289EB /* ClassListTableViewController.swift */ = {isa = PBXFileReference; lastKnownFileType = sourcecode.swift; name = ClassListTableViewController.swift; path = Langdacity/ClassListTableViewController.swift; sourceTree = SOURCE_ROOT; };
		7B77861326B5915A00E289EB /* Student.swift */ = {isa = PBXFileReference; lastKnownFileType = sourcecode.swift; name = Student.swift; path = Langdacity/Controller/Student.swift; sourceTree = SOURCE_ROOT; };
		7B77861526B5B68500E289EB /* Teacher.swift */ = {isa = PBXFileReference; lastKnownFileType = sourcecode.swift; name = Teacher.swift; path = Langdacity/Teacher.swift; sourceTree = SOURCE_ROOT; };
		7B77861726B5B89300E289EB /* Class.swift */ = {isa = PBXFileReference; lastKnownFileType = sourcecode.swift; path = Class.swift; sourceTree = "<group>"; };
		7B77861C26B5BE9000E289EB /* PROF-0001.json */ = {isa = PBXFileReference; lastKnownFileType = text.json; path = "PROF-0001.json"; sourceTree = "<group>"; };
		7B77861E26B5C43A00E289EB /* Errors.swift */ = {isa = PBXFileReference; lastKnownFileType = sourcecode.swift; path = Errors.swift; sourceTree = "<group>"; };
		7B77862026B5DFA700E289EB /* ClassViewController.swift */ = {isa = PBXFileReference; lastKnownFileType = sourcecode.swift; name = ClassViewController.swift; path = Langdacity/ClassViewController.swift; sourceTree = SOURCE_ROOT; };
		7BCA3DF326ADA3310068895E /* Note.swift */ = {isa = PBXFileReference; lastKnownFileType = sourcecode.swift; path = Note.swift; sourceTree = "<group>"; };
		7BCA3DF526ADDED90068895E /* Lesson01.json */ = {isa = PBXFileReference; lastKnownFileType = text.json; path = Lesson01.json; sourceTree = "<group>"; };
		7BCA3DF726AEF74C0068895E /* JsonInterface.swift */ = {isa = PBXFileReference; lastKnownFileType = sourcecode.swift; path = JsonInterface.swift; sourceTree = "<group>"; };
		7BCA3DFB26AF1E390068895E /* NoNotesToReviseViewController.swift */ = {isa = PBXFileReference; lastKnownFileType = sourcecode.swift; name = NoNotesToReviseViewController.swift; path = Langdacity/Controller/NoNotesToReviseViewController.swift; sourceTree = SOURCE_ROOT; };
		7BCAEE3526A4A88400075507 /* Langdacity.app */ = {isa = PBXFileReference; explicitFileType = wrapper.application; includeInIndex = 0; path = Langdacity.app; sourceTree = BUILT_PRODUCTS_DIR; };
		7BCAEE3826A4A88400075507 /* AppDelegate.swift */ = {isa = PBXFileReference; lastKnownFileType = sourcecode.swift; path = AppDelegate.swift; sourceTree = "<group>"; };
		7BCAEE3A26A4A88400075507 /* SceneDelegate.swift */ = {isa = PBXFileReference; lastKnownFileType = sourcecode.swift; path = SceneDelegate.swift; sourceTree = "<group>"; };
		7BCAEE3C26A4A88400075507 /* StudentHomepageViewController.swift */ = {isa = PBXFileReference; lastKnownFileType = sourcecode.swift; path = StudentHomepageViewController.swift; sourceTree = "<group>"; };
		7BCAEE3F26A4A88400075507 /* Base */ = {isa = PBXFileReference; lastKnownFileType = file.storyboard; name = Base; path = Base.lproj/Main.storyboard; sourceTree = "<group>"; };
		7BCAEE4126A4A88500075507 /* Assets.xcassets */ = {isa = PBXFileReference; lastKnownFileType = folder.assetcatalog; path = Assets.xcassets; sourceTree = "<group>"; };
		7BCAEE4426A4A88500075507 /* Base */ = {isa = PBXFileReference; lastKnownFileType = file.storyboard; name = Base; path = Base.lproj/LaunchScreen.storyboard; sourceTree = "<group>"; };
		7BCAEE4626A4A88500075507 /* Info.plist */ = {isa = PBXFileReference; lastKnownFileType = text.plist.xml; path = Info.plist; sourceTree = "<group>"; };
		7BCAEE4B26A4A88500075507 /* LangdacityTests.xctest */ = {isa = PBXFileReference; explicitFileType = wrapper.cfbundle; includeInIndex = 0; path = LangdacityTests.xctest; sourceTree = BUILT_PRODUCTS_DIR; };
		7BCAEE4F26A4A88500075507 /* LangdacityTests.swift */ = {isa = PBXFileReference; lastKnownFileType = sourcecode.swift; path = LangdacityTests.swift; sourceTree = "<group>"; };
		7BCAEE5126A4A88500075507 /* Info.plist */ = {isa = PBXFileReference; lastKnownFileType = text.plist.xml; path = Info.plist; sourceTree = "<group>"; };
		7BCAEE5626A4A88500075507 /* LangdacityUITests.xctest */ = {isa = PBXFileReference; explicitFileType = wrapper.cfbundle; includeInIndex = 0; path = LangdacityUITests.xctest; sourceTree = BUILT_PRODUCTS_DIR; };
		7BCAEE5A26A4A88500075507 /* LangdacityUITests.swift */ = {isa = PBXFileReference; lastKnownFileType = sourcecode.swift; path = LangdacityUITests.swift; sourceTree = "<group>"; };
		7BCAEE5C26A4A88500075507 /* Info.plist */ = {isa = PBXFileReference; lastKnownFileType = text.plist.xml; path = Info.plist; sourceTree = "<group>"; };
		7BCAEE6826A4AACB00075507 /* RevisionViewController.swift */ = {isa = PBXFileReference; lastKnownFileType = sourcecode.swift; path = RevisionViewController.swift; sourceTree = "<group>"; };
		7BCAEE6A26A4B1A400075507 /* Card.swift */ = {isa = PBXFileReference; lastKnownFileType = sourcecode.swift; path = Card.swift; sourceTree = "<group>"; };
		7BCAEE6C26A5B74700075507 /* Revision.swift */ = {isa = PBXFileReference; lastKnownFileType = sourcecode.swift; path = Revision.swift; sourceTree = "<group>"; };
		7BCD5F7E26B0A2630096621E /* SchedulingDataConstants.swift */ = {isa = PBXFileReference; lastKnownFileType = sourcecode.swift; path = SchedulingDataConstants.swift; sourceTree = "<group>"; };
		7BCD5F8026B1A03B0096621E /* LoginViewController.swift */ = {isa = PBXFileReference; lastKnownFileType = sourcecode.swift; name = LoginViewController.swift; path = Langdacity/LoginViewController.swift; sourceTree = SOURCE_ROOT; };
		7BCD5F8226B1A0540096621E /* TeacherHomepageViewController.swift */ = {isa = PBXFileReference; lastKnownFileType = sourcecode.swift; path = TeacherHomepageViewController.swift; sourceTree = "<group>"; };
		7BCD5F8426B1C20F0096621E /* SplashViewController.swift */ = {isa = PBXFileReference; lastKnownFileType = sourcecode.swift; path = SplashViewController.swift; sourceTree = SOURCE_ROOT; };
		7BCD5F8626B1C4B00096621E /* Extensions.swift */ = {isa = PBXFileReference; lastKnownFileType = sourcecode.swift; name = Extensions.swift; path = Langdacity/Model/Extensions.swift; sourceTree = SOURCE_ROOT; };
		7BCD5F8C26B1E8D50096621E /* UnlockedLessons.json */ = {isa = PBXFileReference; lastKnownFileType = text.json; path = UnlockedLessons.json; sourceTree = "<group>"; };
/* End PBXFileReference section */

/* Begin PBXFrameworksBuildPhase section */
		7BCAEE3226A4A88400075507 /* Frameworks */ = {
			isa = PBXFrameworksBuildPhase;
			buildActionMask = 2147483647;
			files = (
			);
			runOnlyForDeploymentPostprocessing = 0;
		};
		7BCAEE4826A4A88500075507 /* Frameworks */ = {
			isa = PBXFrameworksBuildPhase;
			buildActionMask = 2147483647;
			files = (
			);
			runOnlyForDeploymentPostprocessing = 0;
		};
		7BCAEE5326A4A88500075507 /* Frameworks */ = {
			isa = PBXFrameworksBuildPhase;
			buildActionMask = 2147483647;
			files = (
			);
			runOnlyForDeploymentPostprocessing = 0;
		};
/* End PBXFrameworksBuildPhase section */

/* Begin PBXGroup section */
		7B77861926B5BBB700E289EB /* Lessons */ = {
			isa = PBXGroup;
			children = (
				7BCA3DF526ADDED90068895E /* Lesson01.json */,
			);
			path = Lessons;
			sourceTree = "<group>";
		};
		7BCAEE2C26A4A88400075507 = {
			isa = PBXGroup;
			children = (
				7BCAEE3726A4A88400075507 /* Langdacity */,
				7BCAEE4E26A4A88500075507 /* LangdacityTests */,
				7BCAEE5926A4A88500075507 /* LangdacityUITests */,
				7BCAEE3626A4A88400075507 /* Products */,
			);
			sourceTree = "<group>";
		};
		7BCAEE3626A4A88400075507 /* Products */ = {
			isa = PBXGroup;
			children = (
				7BCAEE3526A4A88400075507 /* Langdacity.app */,
				7BCAEE4B26A4A88500075507 /* LangdacityTests.xctest */,
				7BCAEE5626A4A88500075507 /* LangdacityUITests.xctest */,
			);
			name = Products;
			sourceTree = "<group>";
		};
		7BCAEE3726A4A88400075507 /* Langdacity */ = {
			isa = PBXGroup;
			children = (
				7BCAEE7126A605AF00075507 /* Controller */,
				7BCAEE6E26A6059800075507 /* Model */,
				7BCAEE3826A4A88400075507 /* AppDelegate.swift */,
				7BCAEE3A26A4A88400075507 /* SceneDelegate.swift */,
				7BCAEE3E26A4A88400075507 /* Main.storyboard */,
				7BCAEE4126A4A88500075507 /* Assets.xcassets */,
				7BCAEE4326A4A88500075507 /* LaunchScreen.storyboard */,
				7BCAEE4626A4A88500075507 /* Info.plist */,
			);
			path = Langdacity;
			sourceTree = "<group>";
		};
		7BCAEE4E26A4A88500075507 /* LangdacityTests */ = {
			isa = PBXGroup;
			children = (
				7BCAEE4F26A4A88500075507 /* LangdacityTests.swift */,
				7BCAEE5126A4A88500075507 /* Info.plist */,
			);
			path = LangdacityTests;
			sourceTree = "<group>";
		};
		7BCAEE5926A4A88500075507 /* LangdacityUITests */ = {
			isa = PBXGroup;
			children = (
				7BCAEE5A26A4A88500075507 /* LangdacityUITests.swift */,
				7BCAEE5C26A4A88500075507 /* Info.plist */,
			);
			path = LangdacityUITests;
			sourceTree = "<group>";
		};
		7BCAEE6E26A6059800075507 /* Model */ = {
			isa = PBXGroup;
			children = (
				7B77861926B5BBB700E289EB /* Lessons */,
				7B77861726B5B89300E289EB /* Class.swift */,
				7B77861526B5B68500E289EB /* Teacher.swift */,
				7B77861E26B5C43A00E289EB /* Errors.swift */,
				7B77861326B5915A00E289EB /* Student.swift */,
				7BCD5F8626B1C4B00096621E /* Extensions.swift */,
				7BCAEE6A26A4B1A400075507 /* Card.swift */,
				7BCA3DF726AEF74C0068895E /* JsonInterface.swift */,
				7B77861C26B5BE9000E289EB /* PROF-0001.json */,
				7BCA3DF326ADA3310068895E /* Note.swift */,
				7BCAEE6C26A5B74700075507 /* Revision.swift */,
				7BCD5F7E26B0A2630096621E /* SchedulingDataConstants.swift */,
				7BCD5F8C26B1E8D50096621E /* UnlockedLessons.json */,
			);
			path = Model;
			sourceTree = "<group>";
		};
		7BCAEE7126A605AF00075507 /* Controller */ = {
			isa = PBXGroup;
			children = (
				7B77862026B5DFA700E289EB /* ClassViewController.swift */,
				7B77861126B49A7F00E289EB /* ClassListTableViewController.swift */,
				7BCD5F8426B1C20F0096621E /* SplashViewController.swift */,
				7BCD5F8026B1A03B0096621E /* LoginViewController.swift */,
				7BCA3DFB26AF1E390068895E /* NoNotesToReviseViewController.swift */,
				7BCAEE6826A4AACB00075507 /* RevisionViewController.swift */,
				7BCAEE3C26A4A88400075507 /* StudentHomepageViewController.swift */,
				7BCD5F8226B1A0540096621E /* TeacherHomepageViewController.swift */,
			);
			path = Controller;
			sourceTree = "<group>";
		};
/* End PBXGroup section */

/* Begin PBXNativeTarget section */
		7BCAEE3426A4A88400075507 /* Langdacity */ = {
			isa = PBXNativeTarget;
			buildConfigurationList = 7BCAEE5F26A4A88500075507 /* Build configuration list for PBXNativeTarget "Langdacity" */;
			buildPhases = (
				7BCAEE3126A4A88400075507 /* Sources */,
				7BCAEE3226A4A88400075507 /* Frameworks */,
				7BCAEE3326A4A88400075507 /* Resources */,
			);
			buildRules = (
			);
			dependencies = (
			);
			name = Langdacity;
			productName = Langdacity;
			productReference = 7BCAEE3526A4A88400075507 /* Langdacity.app */;
			productType = "com.apple.product-type.application";
		};
		7BCAEE4A26A4A88500075507 /* LangdacityTests */ = {
			isa = PBXNativeTarget;
			buildConfigurationList = 7BCAEE6226A4A88500075507 /* Build configuration list for PBXNativeTarget "LangdacityTests" */;
			buildPhases = (
				7BCAEE4726A4A88500075507 /* Sources */,
				7BCAEE4826A4A88500075507 /* Frameworks */,
				7BCAEE4926A4A88500075507 /* Resources */,
			);
			buildRules = (
			);
			dependencies = (
				7BCAEE4D26A4A88500075507 /* PBXTargetDependency */,
			);
			name = LangdacityTests;
			productName = LangdacityTests;
			productReference = 7BCAEE4B26A4A88500075507 /* LangdacityTests.xctest */;
			productType = "com.apple.product-type.bundle.unit-test";
		};
		7BCAEE5526A4A88500075507 /* LangdacityUITests */ = {
			isa = PBXNativeTarget;
			buildConfigurationList = 7BCAEE6526A4A88500075507 /* Build configuration list for PBXNativeTarget "LangdacityUITests" */;
			buildPhases = (
				7BCAEE5226A4A88500075507 /* Sources */,
				7BCAEE5326A4A88500075507 /* Frameworks */,
				7BCAEE5426A4A88500075507 /* Resources */,
			);
			buildRules = (
			);
			dependencies = (
				7BCAEE5826A4A88500075507 /* PBXTargetDependency */,
			);
			name = LangdacityUITests;
			productName = LangdacityUITests;
			productReference = 7BCAEE5626A4A88500075507 /* LangdacityUITests.xctest */;
			productType = "com.apple.product-type.bundle.ui-testing";
		};
/* End PBXNativeTarget section */

/* Begin PBXProject section */
		7BCAEE2D26A4A88400075507 /* Project object */ = {
			isa = PBXProject;
			attributes = {
				LastSwiftUpdateCheck = 1250;
				LastUpgradeCheck = 1250;
				TargetAttributes = {
					7BCAEE3426A4A88400075507 = {
						CreatedOnToolsVersion = 12.5;
					};
					7BCAEE4A26A4A88500075507 = {
						CreatedOnToolsVersion = 12.5;
						TestTargetID = 7BCAEE3426A4A88400075507;
					};
					7BCAEE5526A4A88500075507 = {
						CreatedOnToolsVersion = 12.5;
						TestTargetID = 7BCAEE3426A4A88400075507;
					};
				};
			};
			buildConfigurationList = 7BCAEE3026A4A88400075507 /* Build configuration list for PBXProject "Langdacity" */;
			compatibilityVersion = "Xcode 9.3";
			developmentRegion = en;
			hasScannedForEncodings = 0;
			knownRegions = (
				en,
				Base,
			);
			mainGroup = 7BCAEE2C26A4A88400075507;
			productRefGroup = 7BCAEE3626A4A88400075507 /* Products */;
			projectDirPath = "";
			projectRoot = "";
			targets = (
				7BCAEE3426A4A88400075507 /* Langdacity */,
				7BCAEE4A26A4A88500075507 /* LangdacityTests */,
				7BCAEE5526A4A88500075507 /* LangdacityUITests */,
			);
		};
/* End PBXProject section */

/* Begin PBXResourcesBuildPhase section */
		7BCAEE3326A4A88400075507 /* Resources */ = {
			isa = PBXResourcesBuildPhase;
			buildActionMask = 2147483647;
			files = (
				7BCAEE4526A4A88500075507 /* LaunchScreen.storyboard in Resources */,
				7BCAEE4226A4A88500075507 /* Assets.xcassets in Resources */,
				7BCA3DF626ADDED90068895E /* Lesson01.json in Resources */,
				7BCD5F8D26B1E8D50096621E /* UnlockedLessons.json in Resources */,
				7B77861D26B5BE9000E289EB /* PROF-0001.json in Resources */,
				7BCAEE4026A4A88400075507 /* Main.storyboard in Resources */,
			);
			runOnlyForDeploymentPostprocessing = 0;
		};
		7BCAEE4926A4A88500075507 /* Resources */ = {
			isa = PBXResourcesBuildPhase;
			buildActionMask = 2147483647;
			files = (
			);
			runOnlyForDeploymentPostprocessing = 0;
		};
		7BCAEE5426A4A88500075507 /* Resources */ = {
			isa = PBXResourcesBuildPhase;
			buildActionMask = 2147483647;
			files = (
			);
			runOnlyForDeploymentPostprocessing = 0;
		};
/* End PBXResourcesBuildPhase section */

/* Begin PBXSourcesBuildPhase section */
		7BCAEE3126A4A88400075507 /* Sources */ = {
			isa = PBXSourcesBuildPhase;
			buildActionMask = 2147483647;
			files = (
				7BCD5F8126B1A03B0096621E /* LoginViewController.swift in Sources */,
				7B77862126B5DFA700E289EB /* ClassViewController.swift in Sources */,
				7B77861226B49A7F00E289EB /* ClassListTableViewController.swift in Sources */,
				7BCAEE3D26A4A88400075507 /* StudentHomepageViewController.swift in Sources */,
				7BCD5F8526B1C20F0096621E /* SplashViewController.swift in Sources */,
				7BCA3DF826AEF74C0068895E /* JsonInterface.swift in Sources */,
				7BCD5F7F26B0A2630096621E /* SchedulingDataConstants.swift in Sources */,
				7BCAEE6926A4AACB00075507 /* RevisionViewController.swift in Sources */,
				7B77861F26B5C43A00E289EB /* Errors.swift in Sources */,
				7BCA3DF426ADA3310068895E /* Note.swift in Sources */,
				7BCA3DFC26AF1E390068895E /* NoNotesToReviseViewController.swift in Sources */,
				7BCAEE6B26A4B1A400075507 /* Card.swift in Sources */,
				7BCAEE3926A4A88400075507 /* AppDelegate.swift in Sources */,
				7BCAEE6D26A5B74700075507 /* Revision.swift in Sources */,
				7B77861826B5B89300E289EB /* Class.swift in Sources */,
				7B77861626B5B68500E289EB /* Teacher.swift in Sources */,
				7BCAEE3B26A4A88400075507 /* SceneDelegate.swift in Sources */,
				7BCD5F8326B1A0540096621E /* TeacherHomepageViewController.swift in Sources */,
				7BCD5F8726B1C4B00096621E /* Extensions.swift in Sources */,
				7B77861426B5915A00E289EB /* Student.swift in Sources */,
			);
			runOnlyForDeploymentPostprocessing = 0;
		};
		7BCAEE4726A4A88500075507 /* Sources */ = {
			isa = PBXSourcesBuildPhase;
			buildActionMask = 2147483647;
			files = (
				7BCAEE5026A4A88500075507 /* LangdacityTests.swift in Sources */,
			);
			runOnlyForDeploymentPostprocessing = 0;
		};
		7BCAEE5226A4A88500075507 /* Sources */ = {
			isa = PBXSourcesBuildPhase;
			buildActionMask = 2147483647;
			files = (
				7BCAEE5B26A4A88500075507 /* LangdacityUITests.swift in Sources */,
			);
			runOnlyForDeploymentPostprocessing = 0;
		};
/* End PBXSourcesBuildPhase section */

/* Begin PBXTargetDependency section */
		7BCAEE4D26A4A88500075507 /* PBXTargetDependency */ = {
			isa = PBXTargetDependency;
			target = 7BCAEE3426A4A88400075507 /* Langdacity */;
			targetProxy = 7BCAEE4C26A4A88500075507 /* PBXContainerItemProxy */;
		};
		7BCAEE5826A4A88500075507 /* PBXTargetDependency */ = {
			isa = PBXTargetDependency;
			target = 7BCAEE3426A4A88400075507 /* Langdacity */;
			targetProxy = 7BCAEE5726A4A88500075507 /* PBXContainerItemProxy */;
		};
/* End PBXTargetDependency section */

/* Begin PBXVariantGroup section */
		7BCAEE3E26A4A88400075507 /* Main.storyboard */ = {
			isa = PBXVariantGroup;
			children = (
				7BCAEE3F26A4A88400075507 /* Base */,
			);
			name = Main.storyboard;
			sourceTree = "<group>";
		};
		7BCAEE4326A4A88500075507 /* LaunchScreen.storyboard */ = {
			isa = PBXVariantGroup;
			children = (
				7BCAEE4426A4A88500075507 /* Base */,
			);
			name = LaunchScreen.storyboard;
			sourceTree = "<group>";
		};
/* End PBXVariantGroup section */

/* Begin XCBuildConfiguration section */
		7BCAEE5D26A4A88500075507 /* Debug */ = {
			isa = XCBuildConfiguration;
			buildSettings = {
				ALWAYS_SEARCH_USER_PATHS = NO;
				CLANG_ANALYZER_NONNULL = YES;
				CLANG_ANALYZER_NUMBER_OBJECT_CONVERSION = YES_AGGRESSIVE;
				CLANG_CXX_LANGUAGE_STANDARD = "gnu++14";
				CLANG_CXX_LIBRARY = "libc++";
				CLANG_ENABLE_MODULES = YES;
				CLANG_ENABLE_OBJC_ARC = YES;
				CLANG_ENABLE_OBJC_WEAK = YES;
				CLANG_WARN_BLOCK_CAPTURE_AUTORELEASING = YES;
				CLANG_WARN_BOOL_CONVERSION = YES;
				CLANG_WARN_COMMA = YES;
				CLANG_WARN_CONSTANT_CONVERSION = YES;
				CLANG_WARN_DEPRECATED_OBJC_IMPLEMENTATIONS = YES;
				CLANG_WARN_DIRECT_OBJC_ISA_USAGE = YES_ERROR;
				CLANG_WARN_DOCUMENTATION_COMMENTS = YES;
				CLANG_WARN_EMPTY_BODY = YES;
				CLANG_WARN_ENUM_CONVERSION = YES;
				CLANG_WARN_INFINITE_RECURSION = YES;
				CLANG_WARN_INT_CONVERSION = YES;
				CLANG_WARN_NON_LITERAL_NULL_CONVERSION = YES;
				CLANG_WARN_OBJC_IMPLICIT_RETAIN_SELF = YES;
				CLANG_WARN_OBJC_LITERAL_CONVERSION = YES;
				CLANG_WARN_OBJC_ROOT_CLASS = YES_ERROR;
				CLANG_WARN_QUOTED_INCLUDE_IN_FRAMEWORK_HEADER = YES;
				CLANG_WARN_RANGE_LOOP_ANALYSIS = YES;
				CLANG_WARN_STRICT_PROTOTYPES = YES;
				CLANG_WARN_SUSPICIOUS_MOVE = YES;
				CLANG_WARN_UNGUARDED_AVAILABILITY = YES_AGGRESSIVE;
				CLANG_WARN_UNREACHABLE_CODE = YES;
				CLANG_WARN__DUPLICATE_METHOD_MATCH = YES;
				COPY_PHASE_STRIP = NO;
				DEBUG_INFORMATION_FORMAT = dwarf;
				ENABLE_STRICT_OBJC_MSGSEND = YES;
				ENABLE_TESTABILITY = YES;
				GCC_C_LANGUAGE_STANDARD = gnu11;
				GCC_DYNAMIC_NO_PIC = NO;
				GCC_NO_COMMON_BLOCKS = YES;
				GCC_OPTIMIZATION_LEVEL = 0;
				GCC_PREPROCESSOR_DEFINITIONS = (
					"DEBUG=1",
					"$(inherited)",
				);
				GCC_WARN_64_TO_32_BIT_CONVERSION = YES;
				GCC_WARN_ABOUT_RETURN_TYPE = YES_ERROR;
				GCC_WARN_UNDECLARED_SELECTOR = YES;
				GCC_WARN_UNINITIALIZED_AUTOS = YES_AGGRESSIVE;
				GCC_WARN_UNUSED_FUNCTION = YES;
				GCC_WARN_UNUSED_VARIABLE = YES;
				IPHONEOS_DEPLOYMENT_TARGET = 14.5;
				MTL_ENABLE_DEBUG_INFO = INCLUDE_SOURCE;
				MTL_FAST_MATH = YES;
				ONLY_ACTIVE_ARCH = YES;
				SDKROOT = iphoneos;
				SWIFT_ACTIVE_COMPILATION_CONDITIONS = DEBUG;
				SWIFT_OPTIMIZATION_LEVEL = "-Onone";
			};
			name = Debug;
		};
		7BCAEE5E26A4A88500075507 /* Release */ = {
			isa = XCBuildConfiguration;
			buildSettings = {
				ALWAYS_SEARCH_USER_PATHS = NO;
				CLANG_ANALYZER_NONNULL = YES;
				CLANG_ANALYZER_NUMBER_OBJECT_CONVERSION = YES_AGGRESSIVE;
				CLANG_CXX_LANGUAGE_STANDARD = "gnu++14";
				CLANG_CXX_LIBRARY = "libc++";
				CLANG_ENABLE_MODULES = YES;
				CLANG_ENABLE_OBJC_ARC = YES;
				CLANG_ENABLE_OBJC_WEAK = YES;
				CLANG_WARN_BLOCK_CAPTURE_AUTORELEASING = YES;
				CLANG_WARN_BOOL_CONVERSION = YES;
				CLANG_WARN_COMMA = YES;
				CLANG_WARN_CONSTANT_CONVERSION = YES;
				CLANG_WARN_DEPRECATED_OBJC_IMPLEMENTATIONS = YES;
				CLANG_WARN_DIRECT_OBJC_ISA_USAGE = YES_ERROR;
				CLANG_WARN_DOCUMENTATION_COMMENTS = YES;
				CLANG_WARN_EMPTY_BODY = YES;
				CLANG_WARN_ENUM_CONVERSION = YES;
				CLANG_WARN_INFINITE_RECURSION = YES;
				CLANG_WARN_INT_CONVERSION = YES;
				CLANG_WARN_NON_LITERAL_NULL_CONVERSION = YES;
				CLANG_WARN_OBJC_IMPLICIT_RETAIN_SELF = YES;
				CLANG_WARN_OBJC_LITERAL_CONVERSION = YES;
				CLANG_WARN_OBJC_ROOT_CLASS = YES_ERROR;
				CLANG_WARN_QUOTED_INCLUDE_IN_FRAMEWORK_HEADER = YES;
				CLANG_WARN_RANGE_LOOP_ANALYSIS = YES;
				CLANG_WARN_STRICT_PROTOTYPES = YES;
				CLANG_WARN_SUSPICIOUS_MOVE = YES;
				CLANG_WARN_UNGUARDED_AVAILABILITY = YES_AGGRESSIVE;
				CLANG_WARN_UNREACHABLE_CODE = YES;
				CLANG_WARN__DUPLICATE_METHOD_MATCH = YES;
				COPY_PHASE_STRIP = NO;
				DEBUG_INFORMATION_FORMAT = "dwarf-with-dsym";
				ENABLE_NS_ASSERTIONS = NO;
				ENABLE_STRICT_OBJC_MSGSEND = YES;
				GCC_C_LANGUAGE_STANDARD = gnu11;
				GCC_NO_COMMON_BLOCKS = YES;
				GCC_WARN_64_TO_32_BIT_CONVERSION = YES;
				GCC_WARN_ABOUT_RETURN_TYPE = YES_ERROR;
				GCC_WARN_UNDECLARED_SELECTOR = YES;
				GCC_WARN_UNINITIALIZED_AUTOS = YES_AGGRESSIVE;
				GCC_WARN_UNUSED_FUNCTION = YES;
				GCC_WARN_UNUSED_VARIABLE = YES;
				IPHONEOS_DEPLOYMENT_TARGET = 14.5;
				MTL_ENABLE_DEBUG_INFO = NO;
				MTL_FAST_MATH = YES;
				SDKROOT = iphoneos;
				SWIFT_COMPILATION_MODE = wholemodule;
				SWIFT_OPTIMIZATION_LEVEL = "-O";
				VALIDATE_PRODUCT = YES;
			};
			name = Release;
		};
		7BCAEE6026A4A88500075507 /* Debug */ = {
			isa = XCBuildConfiguration;
			buildSettings = {
				ASSETCATALOG_COMPILER_APPICON_NAME = AppIcon;
				ASSETCATALOG_COMPILER_GLOBAL_ACCENT_COLOR_NAME = AccentColor;
				CODE_SIGN_STYLE = Automatic;
				INFOPLIST_FILE = Langdacity/Info.plist;
				LD_RUNPATH_SEARCH_PATHS = (
					"$(inherited)",
					"@executable_path/Frameworks",
				);
				PRODUCT_BUNDLE_IDENTIFIER = com.example.Langdacity;
				PRODUCT_NAME = "$(TARGET_NAME)";
				SWIFT_VERSION = 5.0;
				TARGETED_DEVICE_FAMILY = 1;
			};
			name = Debug;
		};
		7BCAEE6126A4A88500075507 /* Release */ = {
			isa = XCBuildConfiguration;
			buildSettings = {
				ASSETCATALOG_COMPILER_APPICON_NAME = AppIcon;
				ASSETCATALOG_COMPILER_GLOBAL_ACCENT_COLOR_NAME = AccentColor;
				CODE_SIGN_STYLE = Automatic;
				INFOPLIST_FILE = Langdacity/Info.plist;
				LD_RUNPATH_SEARCH_PATHS = (
					"$(inherited)",
					"@executable_path/Frameworks",
				);
				PRODUCT_BUNDLE_IDENTIFIER = com.example.Langdacity;
				PRODUCT_NAME = "$(TARGET_NAME)";
				SWIFT_VERSION = 5.0;
				TARGETED_DEVICE_FAMILY = 1;
			};
			name = Release;
		};
		7BCAEE6326A4A88500075507 /* Debug */ = {
			isa = XCBuildConfiguration;
			buildSettings = {
				ALWAYS_EMBED_SWIFT_STANDARD_LIBRARIES = YES;
				BUNDLE_LOADER = "$(TEST_HOST)";
				CODE_SIGN_STYLE = Automatic;
				INFOPLIST_FILE = LangdacityTests/Info.plist;
				IPHONEOS_DEPLOYMENT_TARGET = 14.5;
				LD_RUNPATH_SEARCH_PATHS = (
					"$(inherited)",
					"@executable_path/Frameworks",
					"@loader_path/Frameworks",
				);
				PRODUCT_BUNDLE_IDENTIFIER = com.example.LangdacityTests;
				PRODUCT_NAME = "$(TARGET_NAME)";
				SWIFT_VERSION = 5.0;
				TARGETED_DEVICE_FAMILY = "1,2";
				TEST_HOST = "$(BUILT_PRODUCTS_DIR)/Langdacity.app/Langdacity";
			};
			name = Debug;
		};
		7BCAEE6426A4A88500075507 /* Release */ = {
			isa = XCBuildConfiguration;
			buildSettings = {
				ALWAYS_EMBED_SWIFT_STANDARD_LIBRARIES = YES;
				BUNDLE_LOADER = "$(TEST_HOST)";
				CODE_SIGN_STYLE = Automatic;
				INFOPLIST_FILE = LangdacityTests/Info.plist;
				IPHONEOS_DEPLOYMENT_TARGET = 14.5;
				LD_RUNPATH_SEARCH_PATHS = (
					"$(inherited)",
					"@executable_path/Frameworks",
					"@loader_path/Frameworks",
				);
				PRODUCT_BUNDLE_IDENTIFIER = com.example.LangdacityTests;
				PRODUCT_NAME = "$(TARGET_NAME)";
				SWIFT_VERSION = 5.0;
				TARGETED_DEVICE_FAMILY = "1,2";
				TEST_HOST = "$(BUILT_PRODUCTS_DIR)/Langdacity.app/Langdacity";
			};
			name = Release;
		};
		7BCAEE6626A4A88500075507 /* Debug */ = {
			isa = XCBuildConfiguration;
			buildSettings = {
				ALWAYS_EMBED_SWIFT_STANDARD_LIBRARIES = YES;
				CODE_SIGN_STYLE = Automatic;
				INFOPLIST_FILE = LangdacityUITests/Info.plist;
				LD_RUNPATH_SEARCH_PATHS = (
					"$(inherited)",
					"@executable_path/Frameworks",
					"@loader_path/Frameworks",
				);
				PRODUCT_BUNDLE_IDENTIFIER = com.example.LangdacityUITests;
				PRODUCT_NAME = "$(TARGET_NAME)";
				SWIFT_VERSION = 5.0;
				TARGETED_DEVICE_FAMILY = "1,2";
				TEST_TARGET_NAME = Langdacity;
			};
			name = Debug;
		};
		7BCAEE6726A4A88500075507 /* Release */ = {
			isa = XCBuildConfiguration;
			buildSettings = {
				ALWAYS_EMBED_SWIFT_STANDARD_LIBRARIES = YES;
				CODE_SIGN_STYLE = Automatic;
				INFOPLIST_FILE = LangdacityUITests/Info.plist;
				LD_RUNPATH_SEARCH_PATHS = (
					"$(inherited)",
					"@executable_path/Frameworks",
					"@loader_path/Frameworks",
				);
				PRODUCT_BUNDLE_IDENTIFIER = com.example.LangdacityUITests;
				PRODUCT_NAME = "$(TARGET_NAME)";
				SWIFT_VERSION = 5.0;
				TARGETED_DEVICE_FAMILY = "1,2";
				TEST_TARGET_NAME = Langdacity;
			};
			name = Release;
		};
/* End XCBuildConfiguration section */

/* Begin XCConfigurationList section */
		7BCAEE3026A4A88400075507 /* Build configuration list for PBXProject "Langdacity" */ = {
			isa = XCConfigurationList;
			buildConfigurations = (
				7BCAEE5D26A4A88500075507 /* Debug */,
				7BCAEE5E26A4A88500075507 /* Release */,
			);
			defaultConfigurationIsVisible = 0;
			defaultConfigurationName = Release;
		};
		7BCAEE5F26A4A88500075507 /* Build configuration list for PBXNativeTarget "Langdacity" */ = {
			isa = XCConfigurationList;
			buildConfigurations = (
				7BCAEE6026A4A88500075507 /* Debug */,
				7BCAEE6126A4A88500075507 /* Release */,
			);
			defaultConfigurationIsVisible = 0;
			defaultConfigurationName = Release;
		};
		7BCAEE6226A4A88500075507 /* Build configuration list for PBXNativeTarget "LangdacityTests" */ = {
			isa = XCConfigurationList;
			buildConfigurations = (
				7BCAEE6326A4A88500075507 /* Debug */,
				7BCAEE6426A4A88500075507 /* Release */,
			);
			defaultConfigurationIsVisible = 0;
			defaultConfigurationName = Release;
		};
		7BCAEE6526A4A88500075507 /* Build configuration list for PBXNativeTarget "LangdacityUITests" */ = {
			isa = XCConfigurationList;
			buildConfigurations = (
				7BCAEE6626A4A88500075507 /* Debug */,
				7BCAEE6726A4A88500075507 /* Release */,
			);
			defaultConfigurationIsVisible = 0;
			defaultConfigurationName = Release;
		};
/* End XCConfigurationList section */
	};
	rootObject = 7BCAEE2D26A4A88400075507 /* Project object */;
}
